
Microsoft Visual Studio Solution File, Format Version 12.00
# Visual Studio Version 17
VisualStudioVersion = 17.0.32112.339
MinimumVisualStudioVersion = 10.0.40219.1
Project("{FAE04EC0-301F-11D3-BF4B-00C04F79EFBC}") = "WebApplicationDevOpsLearning", "WebApplicationDevOpsLearning\WebApplicationDevOpsLearning.csproj", "{D17B0892-82D9-46A4-8A07-041C3D4593CA}"
EndProject
Global
	GlobalSection(SolutionConfigurationPlatforms) = preSolution
		Debug|Any CPU = Debug|Any CPU
		Release|Any CPU = Release|Any CPU
	EndGlobalSection
	GlobalSection(ProjectConfigurationPlatforms) = postSolution
		{D17B0892-82D9-46A4-8A07-041C3D4593CA}.Debug|Any CPU.ActiveCfg = Debug|Any CPU
		{D17B0892-82D9-46A4-8A07-041C3D4593CA}.Debug|Any CPU.Build.0 = Debug|Any CPU
		{D17B0892-82D9-46A4-8A07-041C3D4593CA}.Release|Any CPU.ActiveCfg = Release|Any CPU
		{D17B0892-82D9-46A4-8A07-041C3D4593CA}.Release|Any CPU.Build.0 = Release|Any CPU
	EndGlobalSection
	GlobalSection(SolutionProperties) = preSolution
		HideSolutionNode = FALSE
	EndGlobalSection
	GlobalSection(ExtensibilityGlobals) = postSolution
		SolutionGuid = {9B95F1DC-E3AF-4CBF-B305-CCAC9A269E4E}
	EndGlobalSection
EndGlobal
